
Microsoft Visual Studio Solution File, Format Version 12.00
# Visual Studio 15
VisualStudioVersion = 15.0.28010.2048
MinimumVisualStudioVersion = 10.0.40219.1
Project("{FAE04EC0-301F-11D3-BF4B-00C04F79EFBC}") = "WebAccessCheckFiles", "WebAccessCheckFiles\WebAccessCheckFiles.csproj", "{44099186-9A5B-400B-A376-7A3C69E2DAB3}"
	ProjectSection(ProjectDependencies) = postProject
		{A36149B7-3811-451B-9097-74A66D255A5B} = {A36149B7-3811-451B-9097-74A66D255A5B}
	EndProjectSection
EndProject
Project("{FAE04EC0-301F-11D3-BF4B-00C04F79EFBC}") = "WaitWnd", "WaitWnd\WaitWnd.csproj", "{A36149B7-3811-451B-9097-74A66D255A5B}"
EndProject
Global
	GlobalSection(SolutionConfigurationPlatforms) = preSolution
		Debug|Any CPU = Debug|Any CPU
		Release|Any CPU = Release|Any CPU
	EndGlobalSection
	GlobalSection(ProjectConfigurationPlatforms) = postSolution
		{44099186-9A5B-400B-A376-7A3C69E2DAB3}.Debug|Any CPU.ActiveCfg = Debug|Any CPU
		{44099186-9A5B-400B-A376-7A3C69E2DAB3}.Debug|Any CPU.Build.0 = Debug|Any CPU
		{44099186-9A5B-400B-A376-7A3C69E2DAB3}.Release|Any CPU.ActiveCfg = Release|Any CPU
		{44099186-9A5B-400B-A376-7A3C69E2DAB3}.Release|Any CPU.Build.0 = Release|Any CPU
		{A36149B7-3811-451B-9097-74A66D255A5B}.Debug|Any CPU.ActiveCfg = Debug|Any CPU
		{A36149B7-3811-451B-9097-74A66D255A5B}.Debug|Any CPU.Build.0 = Debug|Any CPU
		{A36149B7-3811-451B-9097-74A66D255A5B}.Release|Any CPU.ActiveCfg = Release|Any CPU
		{A36149B7-3811-451B-9097-74A66D255A5B}.Release|Any CPU.Build.0 = Release|Any CPU
	EndGlobalSection
	GlobalSection(SolutionProperties) = preSolution
		HideSolutionNode = FALSE
	EndGlobalSection
	GlobalSection(ExtensibilityGlobals) = postSolution
		SolutionGuid = {6A121B27-2A0C-465A-8720-E213635F97A6}
	EndGlobalSection
EndGlobal
